# This file is autogenerated, do not edit; changes may be undone by the next 'dep ensure'.


[[projects]]
  digest = "1:ae49e4ea904ee19d04593b7004546049f1c04d1b81f8d3a0984ff5000cc888f1"
  name = "github.com/mgenware/go-packagex"
  packages = ["stringsx"]
  pruneopts = "UT"
  revision = "3193769f2df7cea57232ead1c6ae88f1760f8dd5"
  version = "2.0.0"

[[projects]]
  branch = "master"
  digest = "1:b166c998eb589cd6da3aa24901f328e2d14cfe17cda0957129f880723ee9384b"
  name = "golang.org/x/crypto"
  packages = [
    "curve25519",
    "ed25519",
    "ed25519/internal/edwards25519",
    "internal/chacha20",
    "internal/subtle",
    "poly1305",
    "ssh",
  ]
  pruneopts = "UT"
  revision = "e3636079e1a4c1f337f212cc5cd2aca108f6c900"

[solve-meta]
  analyzer-name = "dep"
  analyzer-version = 1
  input-imports = [
    "github.com/mgenware/go-packagex/stringsx",
    "golang.org/x/crypto/ssh",
  ]
  solver-name = "gps-cdcl"
  solver-version = 1
